
Microsoft Visual Studio Solution File, Format Version 12.00
# Visual Studio Version 17
VisualStudioVersion = 17.0.31903.59
MinimumVisualStudioVersion = 10.0.40219.1
Project("{FAE04EC0-301F-11D3-BF4B-00C04F79EFBC}") = "PsrPse.Shared", "PsrPse.Shared\PsrPse.Shared.csproj", "{15FD2E48-6D91-42EC-89C4-A92FB70D0312}"
EndProject
Project("{FAE04EC0-301F-11D3-BF4B-00C04F79EFBC}") = "PsrPse.Domain", "PsrPse.Domain\PsrPse.Domain.csproj", "{658F4984-F21F-4425-B553-BE1EAFF2238E}"
EndProject
Project("{FAE04EC0-301F-11D3-BF4B-00C04F79EFBC}") = "PsrPse.Infra", "PsrPse.Infra\PsrPse.Infra.csproj", "{F02EBE3B-9F96-4265-956F-068B4A2AE4D7}"
EndProject
Global
	GlobalSection(SolutionConfigurationPlatforms) = preSolution
		Debug|Any CPU = Debug|Any CPU
		Release|Any CPU = Release|Any CPU
	EndGlobalSection
	GlobalSection(SolutionProperties) = preSolution
		HideSolutionNode = FALSE
	EndGlobalSection
	GlobalSection(ProjectConfigurationPlatforms) = postSolution
		{15FD2E48-6D91-42EC-89C4-A92FB70D0312}.Debug|Any CPU.ActiveCfg = Debug|Any CPU
		{15FD2E48-6D91-42EC-89C4-A92FB70D0312}.Debug|Any CPU.Build.0 = Debug|Any CPU
		{15FD2E48-6D91-42EC-89C4-A92FB70D0312}.Release|Any CPU.ActiveCfg = Release|Any CPU
		{15FD2E48-6D91-42EC-89C4-A92FB70D0312}.Release|Any CPU.Build.0 = Release|Any CPU
		{658F4984-F21F-4425-B553-BE1EAFF2238E}.Debug|Any CPU.ActiveCfg = Debug|Any CPU
		{658F4984-F21F-4425-B553-BE1EAFF2238E}.Debug|Any CPU.Build.0 = Debug|Any CPU
		{658F4984-F21F-4425-B553-BE1EAFF2238E}.Release|Any CPU.ActiveCfg = Release|Any CPU
		{658F4984-F21F-4425-B553-BE1EAFF2238E}.Release|Any CPU.Build.0 = Release|Any CPU
		{F02EBE3B-9F96-4265-956F-068B4A2AE4D7}.Debug|Any CPU.ActiveCfg = Debug|Any CPU
		{F02EBE3B-9F96-4265-956F-068B4A2AE4D7}.Debug|Any CPU.Build.0 = Debug|Any CPU
		{F02EBE3B-9F96-4265-956F-068B4A2AE4D7}.Release|Any CPU.ActiveCfg = Release|Any CPU
		{F02EBE3B-9F96-4265-956F-068B4A2AE4D7}.Release|Any CPU.Build.0 = Release|Any CPU
	EndGlobalSection
EndGlobal
